lockfileVersion: '6.0'

settings:
  autoInstallPeers: true
  excludeLinksFromLockfile: false

devDependencies:
  '@moonlight-mod/types':
    specifier: file:./moonlight/packages/types
    version: file:moonlight/packages/types
  esbuild:
    specifier: ^0.19.3
    version: 0.19.3
  esbuild-copy-static-files:
    specifier: ^0.1.0
    version: 0.1.0

packages:

  /@esbuild/android-arm64@0.19.3:
    resolution: {integrity: sha512-w+Akc0vv5leog550kjJV9Ru+MXMR2VuMrui3C61mnysim0gkFCPOUTAfzTP0qX+HpN9Syu3YA3p1hf3EPqObRw==}
    engines: {node: '>=12'}
    cpu: [arm64]
    os: [android]
    requiresBuild: true
    dev: true
    optional: true

  /@esbuild/android-arm@0.19.3:
    resolution: {integrity: sha512-Lemgw4io4VZl9GHJmjiBGzQ7ONXRfRPHcUEerndjwiSkbxzrpq0Uggku5MxxrXdwJ+pTj1qyw4jwTu7hkPsgIA==}
    engines: {node: '>=12'}
    cpu: [arm]
    os: [android]
    requiresBuild: true
    dev: true
    optional: true

  /@esbuild/android-x64@0.19.3:
    resolution: {integrity: sha512-FKQJKkK5MXcBHoNZMDNUAg1+WcZlV/cuXrWCoGF/TvdRiYS4znA0m5Il5idUwfxrE20bG/vU1Cr5e1AD6IEIjQ==}
    engines: {node: '>=12'}
    cpu: [x64]
    os: [android]
    requiresBuild: true
    dev: true
    optional: true

  /@esbuild/darwin-arm64@0.19.3:
    resolution: {integrity: sha512-kw7e3FXU+VsJSSSl2nMKvACYlwtvZB8RUIeVShIEY6PVnuZ3c9+L9lWB2nWeeKWNNYDdtL19foCQ0ZyUL7nqGw==}
    engines: {node: '>=12'}
    cpu: [arm64]
    os: [darwin]
    requiresBuild: true
    dev: true
    optional: true

  /@esbuild/darwin-x64@0.19.3:
    resolution: {integrity: sha512-tPfZiwF9rO0jW6Jh9ipi58N5ZLoSjdxXeSrAYypy4psA2Yl1dAMhM71KxVfmjZhJmxRjSnb29YlRXXhh3GqzYw==}
    engines: {node: '>=12'}
    cpu: [x64]
    os: [darwin]
    requiresBuild: true
    dev: true
    optional: true

  /@esbuild/freebsd-arm64@0.19.3:
    resolution: {integrity: sha512-ERDyjOgYeKe0Vrlr1iLrqTByB026YLPzTytDTz1DRCYM+JI92Dw2dbpRHYmdqn6VBnQ9Bor6J8ZlNwdZdxjlSg==}
    engines: {node: '>=12'}
    cpu: [arm64]
    os: [freebsd]
    requiresBuild: true
    dev: true
    optional: true

  /@esbuild/freebsd-x64@0.19.3:
    resolution: {integrity: sha512-nXesBZ2Ad1qL+Rm3crN7NmEVJ5uvfLFPLJev3x1j3feCQXfAhoYrojC681RhpdOph8NsvKBBwpYZHR7W0ifTTA==}
    engines: {node: '>=12'}
    cpu: [x64]
    os: [freebsd]
    requiresBuild: true
    dev: true
    optional: true

  /@esbuild/linux-arm64@0.19.3:
    resolution: {integrity: sha512-qXvYKmXj8GcJgWq3aGvxL/JG1ZM3UR272SdPU4QSTzD0eymrM7leiZH77pvY3UetCy0k1xuXZ+VPvoJNdtrsWQ==}
    engines: {node: '>=12'}
    cpu: [arm64]
    os: [linux]
    requiresBuild: true
    dev: true
    optional: true

  /@esbuild/linux-arm@0.19.3:
    resolution: {integrity: sha512-zr48Cg/8zkzZCzDHNxXO/89bf9e+r4HtzNUPoz4GmgAkF1gFAFmfgOdCbR8zMbzFDGb1FqBBhdXUpcTQRYS1cQ==}
    engines: {node: '>=12'}
    cpu: [arm]
    os: [linux]
    requiresBuild: true
    dev: true
    optional: true

  /@esbuild/linux-ia32@0.19.3:
    resolution: {integrity: sha512-7XlCKCA0nWcbvYpusARWkFjRQNWNGlt45S+Q18UeS///K6Aw8bB2FKYe9mhVWy/XLShvCweOLZPrnMswIaDXQA==}
    engines: {node: '>=12'}
    cpu: [ia32]
    os: [linux]
    requiresBuild: true
    dev: true
    optional: true

  /@esbuild/linux-loong64@0.19.3:
    resolution: {integrity: sha512-qGTgjweER5xqweiWtUIDl9OKz338EQqCwbS9c2Bh5jgEH19xQ1yhgGPNesugmDFq+UUSDtWgZ264st26b3de8A==}
    engines: {node: '>=12'}
    cpu: [loong64]
    os: [linux]
    requiresBuild: true
    dev: true
    optional: true

  /@esbuild/linux-mips64el@0.19.3:
    resolution: {integrity: sha512-gy1bFskwEyxVMFRNYSvBauDIWNggD6pyxUksc0MV9UOBD138dKTzr8XnM2R4mBsHwVzeuIH8X5JhmNs2Pzrx+A==}
    engines: {node: '>=12'}
    cpu: [mips64el]
    os: [linux]
    requiresBuild: true
    dev: true
    optional: true

  /@esbuild/linux-ppc64@0.19.3:
    resolution: {integrity: sha512-UrYLFu62x1MmmIe85rpR3qou92wB9lEXluwMB/STDzPF9k8mi/9UvNsG07Tt9AqwPQXluMQ6bZbTzYt01+Ue5g==}
    engines: {node: '>=12'}
    cpu: [ppc64]
    os: [linux]
    requiresBuild: true
    dev: true
    optional: true

  /@esbuild/linux-riscv64@0.19.3:
    resolution: {integrity: sha512-9E73TfyMCbE+1AwFOg3glnzZ5fBAFK4aawssvuMgCRqCYzE0ylVxxzjEfut8xjmKkR320BEoMui4o/t9KA96gA==}
    engines: {node: '>=12'}
    cpu: [riscv64]
    os: [linux]
    requiresBuild: true
    dev: true
    optional: true

  /@esbuild/linux-s390x@0.19.3:
    resolution: {integrity: sha512-LlmsbuBdm1/D66TJ3HW6URY8wO6IlYHf+ChOUz8SUAjVTuaisfuwCOAgcxo3Zsu3BZGxmI7yt//yGOxV+lHcEA==}
    engines: {node: '>=12'}
    cpu: [s390x]
    os: [linux]
    requiresBuild: true
    dev: true
    optional: true

  /@esbuild/linux-x64@0.19.3:
    resolution: {integrity: sha512-ogV0+GwEmvwg/8ZbsyfkYGaLACBQWDvO0Kkh8LKBGKj9Ru8VM39zssrnu9Sxn1wbapA2qNS6BiLdwJZGouyCwQ==}
    engines: {node: '>=12'}
    cpu: [x64]
    os: [linux]
    requiresBuild: true
    dev: true
    optional: true

  /@esbuild/netbsd-x64@0.19.3:
    resolution: {integrity: sha512-o1jLNe4uzQv2DKXMlmEzf66Wd8MoIhLNO2nlQBHLtWyh2MitDG7sMpfCO3NTcoTMuqHjfufgUQDFRI5C+xsXQw==}
    engines: {node: '>=12'}
    cpu: [x64]
    os: [netbsd]
    requiresBuild: true
    dev: true
    optional: true

  /@esbuild/openbsd-x64@0.19.3:
    resolution: {integrity: sha512-AZJCnr5CZgZOdhouLcfRdnk9Zv6HbaBxjcyhq0StNcvAdVZJSKIdOiPB9az2zc06ywl0ePYJz60CjdKsQacp5Q==}
    engines: {node: '>=12'}
    cpu: [x64]
    os: [openbsd]
    requiresBuild: true
    dev: true
    optional: true

  /@esbuild/sunos-x64@0.19.3:
    resolution: {integrity: sha512-Acsujgeqg9InR4glTRvLKGZ+1HMtDm94ehTIHKhJjFpgVzZG9/pIcWW/HA/DoMfEyXmANLDuDZ2sNrWcjq1lxw==}
    engines: {node: '>=12'}
    cpu: [x64]
    os: [sunos]
    requiresBuild: true
    dev: true
    optional: true

  /@esbuild/win32-arm64@0.19.3:
    resolution: {integrity: sha512-FSrAfjVVy7TifFgYgliiJOyYynhQmqgPj15pzLyJk8BUsnlWNwP/IAy6GAiB1LqtoivowRgidZsfpoYLZH586A==}
    engines: {node: '>=12'}
    cpu: [arm64]
    os: [win32]
    requiresBuild: true
    dev: true
    optional: true

  /@esbuild/win32-ia32@0.19.3:
    resolution: {integrity: sha512-xTScXYi12xLOWZ/sc5RBmMN99BcXp/eEf7scUC0oeiRoiT5Vvo9AycuqCp+xdpDyAU+LkrCqEpUS9fCSZF8J3Q==}
    engines: {node: '>=12'}
    cpu: [ia32]
    os: [win32]
    requiresBuild: true
    dev: true
    optional: true

  /@esbuild/win32-x64@0.19.3:
    resolution: {integrity: sha512-FbUN+0ZRXsypPyWE2IwIkVjDkDnJoMJARWOcFZn4KPPli+QnKqF0z1anvfaYe3ev5HFCpRDLLBDHyOALLppWHw==}
    engines: {node: '>=12'}
    cpu: [x64]
    os: [win32]
    requiresBuild: true
    dev: true
    optional: true

  /@types/fbemitter@2.0.33:
    resolution: {integrity: sha512-KcSilwdl0D8YgXGL6l9d+rTBm2W7pDyTZrDEw0+IzqQ724676KJtMeO+xHodJewKFWZT+GFWaJubA5mpMxSkcg==}
    dev: true

  /@types/flux@3.1.12:
    resolution: {integrity: sha512-HZ8o/DTVNgcgnXoDyn0ZnjqEZMT4Chr4w5ktMQSbQAnqVDklasmRqNGd2agZDsk5i0jYHQLgQQuM782bWG7fUA==}
    dependencies:
      '@types/fbemitter': 2.0.33
      '@types/react': 18.2.22
    dev: true

  /@types/node@18.17.18:
    resolution: {integrity: sha512-/4QOuy3ZpV7Ya1GTRz5CYSz3DgkKpyUptXuQ5PPce7uuyJAOR7r9FhkmxJfvcNUXyklbC63a+YvB3jxy7s9ngw==}
    dev: true

  /@types/node@20.6.3:
    resolution: {integrity: sha512-HksnYH4Ljr4VQgEy2lTStbCKv/P590tmPe5HqOnv9Gprffgv5WXAY+Y5Gqniu0GGqeTCUdBnzC3QSrzPkBkAMA==}
    dev: true

  /@types/prop-types@15.7.6:
    resolution: {integrity: sha512-RK/kBbYOQQHLYj9Z95eh7S6t7gq4Ojt/NT8HTk8bWVhA5DaF+5SMnxHKkP4gPNN3wAZkKP+VjAf0ebtYzf+fxg==}
    dev: true

  /@types/react@18.2.22:
    resolution: {integrity: sha512-60fLTOLqzarLED2O3UQImc/lsNRgG0jE/a1mPW9KjMemY0LMITWEsbS4VvZ4p6rorEHd5YKxxmMKSDK505GHpA==}
    dependencies:
      '@types/prop-types': 15.7.6
      '@types/scheduler': 0.16.3
      csstype: 3.1.2
    dev: true

  /@types/scheduler@0.16.3:
    resolution: {integrity: sha512-5cJ8CB4yAx7BH1oMvdU0Jh9lrEXyPkar6F9G/ERswkCuvP4KQZfZkSjcMbAICCpQTN4OuZn8tz0HiKv9TGZgrQ==}
    dev: true

  /csstype@3.1.2:
    resolution: {integrity: sha512-I7K1Uu0MBPzaFKg4nI5Q7Vs2t+3gWWW648spaF+Rg7pI9ds18Ugn+lvg4SHczUdKlHI5LWBXyqfS8+DufyBsgQ==}
    dev: true

  /esbuild-copy-static-files@0.1.0:
    resolution: {integrity: sha512-KlpmYqANA1t2nZavEdItfcOjJC6wbHA21v35HJWN32DddGTWKNNGDKljUzbCPojmpD+wAw8/DXr5abJ4jFCE0w==}
    dev: true

  /esbuild@0.19.3:
    resolution: {integrity: sha512-UlJ1qUUA2jL2nNib1JTSkifQTcYTroFqRjwCFW4QYEKEsixXD5Tik9xML7zh2gTxkYTBKGHNH9y7txMwVyPbjw==}
    engines: {node: '>=12'}
    hasBin: true
    requiresBuild: true
    optionalDependencies:
      '@esbuild/android-arm': 0.19.3
      '@esbuild/android-arm64': 0.19.3
      '@esbuild/android-x64': 0.19.3
      '@esbuild/darwin-arm64': 0.19.3
      '@esbuild/darwin-x64': 0.19.3
      '@esbuild/freebsd-arm64': 0.19.3
      '@esbuild/freebsd-x64': 0.19.3
      '@esbuild/linux-arm': 0.19.3
      '@esbuild/linux-arm64': 0.19.3
      '@esbuild/linux-ia32': 0.19.3
      '@esbuild/linux-loong64': 0.19.3
      '@esbuild/linux-mips64el': 0.19.3
      '@esbuild/linux-ppc64': 0.19.3
      '@esbuild/linux-riscv64': 0.19.3
      '@esbuild/linux-s390x': 0.19.3
      '@esbuild/linux-x64': 0.19.3
      '@esbuild/netbsd-x64': 0.19.3
      '@esbuild/openbsd-x64': 0.19.3
      '@esbuild/sunos-x64': 0.19.3
      '@esbuild/win32-arm64': 0.19.3
      '@esbuild/win32-ia32': 0.19.3
      '@esbuild/win32-x64': 0.19.3
    dev: true

  /standalone-electron-types@1.0.0:
    resolution: {integrity: sha512-0HOi/tlTz3mjWhsAz4uRbpQcHMZ+ifj1JzWW9nugykOHClBBG77ps8QinrzX1eow4Iw2pnC+RFaSYRgufF4BOg==}
    dependencies:
      '@types/node': 18.17.18
    dev: true

  file:moonlight/packages/types:
    resolution: {directory: moonlight/packages/types, type: directory}
    name: '@moonlight-mod/types'
    dependencies:
      '@types/flux': 3.1.12
      '@types/node': 20.6.3
      '@types/react': 18.2.22
      standalone-electron-types: 1.0.0
    dev: true
